
Microsoft Visual Studio Solution File, Format Version 12.00
# Visual Studio Version 17
VisualStudioVersion = 17.9.34701.34
MinimumVisualStudioVersion = 10.0.40219.1
Project("{2150E333-8FDC-42A3-9474-1A3956D46DE8}") = "Services", "Services", "{D01B6148-53EB-4EB2-B604-CBC43F8F775B}"
EndProject
Project("{2150E333-8FDC-42A3-9474-1A3956D46DE8}") = "Catalog", "Catalog", "{403BEFDC-CCCA-424D-80A7-C2591A923D59}"
EndProject
Project("{9A19103F-16F7-4668-BE54-9A1E7A4F7556}") = "Catalog.API", "Services\Catalog\Catalog.API\Catalog.API.csproj", "{B5A58A27-3859-4348-9450-3C68105A7D77}"
EndProject
Project("{2150E333-8FDC-42A3-9474-1A3956D46DE8}") = "BuildingBlocks", "BuildingBlocks", "{886D4A6E-27EF-4E9B-8AD9-C4E82B848A00}"
EndProject
Project("{9A19103F-16F7-4668-BE54-9A1E7A4F7556}") = "BuildingBlocks", "BuildingBlocks\BuildingBlocks\BuildingBlocks.csproj", "{7FDB5404-0586-48E6-ABF8-193889C36A28}"
EndProject
Project("{E53339B2-1760-4266-BCC7-CA923CBCF16C}") = "docker-compose", "docker-compose.dcproj", "{455887B2-271D-4AF8-AA90-4E8F17AB0822}"
EndProject
Project("{2150E333-8FDC-42A3-9474-1A3956D46DE8}") = "Basket", "Basket", "{222C385F-E1EA-4CAE-B838-C631318D7E22}"
EndProject
Project("{FAE04EC0-301F-11D3-BF4B-00C04F79EFBC}") = "Basket.API", "Services\Basket\Basket.API\Basket.API.csproj", "{93649E52-33AC-4BE3-8BC1-FDE19E0D1BB1}"
EndProject
Project("{2150E333-8FDC-42A3-9474-1A3956D46DE8}") = "Discount", "Discount", "{DFF8E8A6-FE33-496C-936C-E911D2DD9946}"
EndProject
Project("{FAE04EC0-301F-11D3-BF4B-00C04F79EFBC}") = "Discount.Grpc", "Services\Discount\Discount.Grpc\Discount.Grpc.csproj", "{0692C7D8-603C-41DA-8375-1BE184D5E1EC}"
EndProject
Global
	GlobalSection(SolutionConfigurationPlatforms) = preSolution
		Debug|Any CPU = Debug|Any CPU
		Release|Any CPU = Release|Any CPU
	EndGlobalSection
	GlobalSection(ProjectConfigurationPlatforms) = postSolution
		{B5A58A27-3859-4348-9450-3C68105A7D77}.Debug|Any CPU.ActiveCfg = Debug|Any CPU
		{B5A58A27-3859-4348-9450-3C68105A7D77}.Debug|Any CPU.Build.0 = Debug|Any CPU
		{B5A58A27-3859-4348-9450-3C68105A7D77}.Release|Any CPU.ActiveCfg = Release|Any CPU
		{B5A58A27-3859-4348-9450-3C68105A7D77}.Release|Any CPU.Build.0 = Release|Any CPU
		{7FDB5404-0586-48E6-ABF8-193889C36A28}.Debug|Any CPU.ActiveCfg = Debug|Any CPU
		{7FDB5404-0586-48E6-ABF8-193889C36A28}.Debug|Any CPU.Build.0 = Debug|Any CPU
		{7FDB5404-0586-48E6-ABF8-193889C36A28}.Release|Any CPU.ActiveCfg = Release|Any CPU
		{7FDB5404-0586-48E6-ABF8-193889C36A28}.Release|Any CPU.Build.0 = Release|Any CPU
		{455887B2-271D-4AF8-AA90-4E8F17AB0822}.Debug|Any CPU.ActiveCfg = Debug|Any CPU
		{455887B2-271D-4AF8-AA90-4E8F17AB0822}.Debug|Any CPU.Build.0 = Debug|Any CPU
		{455887B2-271D-4AF8-AA90-4E8F17AB0822}.Release|Any CPU.ActiveCfg = Release|Any CPU
		{455887B2-271D-4AF8-AA90-4E8F17AB0822}.Release|Any CPU.Build.0 = Release|Any CPU
		{93649E52-33AC-4BE3-8BC1-FDE19E0D1BB1}.Debug|Any CPU.ActiveCfg = Debug|Any CPU
		{93649E52-33AC-4BE3-8BC1-FDE19E0D1BB1}.Debug|Any CPU.Build.0 = Debug|Any CPU
		{93649E52-33AC-4BE3-8BC1-FDE19E0D1BB1}.Release|Any CPU.ActiveCfg = Release|Any CPU
		{93649E52-33AC-4BE3-8BC1-FDE19E0D1BB1}.Release|Any CPU.Build.0 = Release|Any CPU
		{0692C7D8-603C-41DA-8375-1BE184D5E1EC}.Debug|Any CPU.ActiveCfg = Debug|Any CPU
		{0692C7D8-603C-41DA-8375-1BE184D5E1EC}.Debug|Any CPU.Build.0 = Debug|Any CPU
		{0692C7D8-603C-41DA-8375-1BE184D5E1EC}.Release|Any CPU.ActiveCfg = Release|Any CPU
		{0692C7D8-603C-41DA-8375-1BE184D5E1EC}.Release|Any CPU.Build.0 = Release|Any CPU
	EndGlobalSection
	GlobalSection(SolutionProperties) = preSolution
		HideSolutionNode = FALSE
	EndGlobalSection
	GlobalSection(NestedProjects) = preSolution
		{403BEFDC-CCCA-424D-80A7-C2591A923D59} = {D01B6148-53EB-4EB2-B604-CBC43F8F775B}
		{B5A58A27-3859-4348-9450-3C68105A7D77} = {403BEFDC-CCCA-424D-80A7-C2591A923D59}
		{7FDB5404-0586-48E6-ABF8-193889C36A28} = {886D4A6E-27EF-4E9B-8AD9-C4E82B848A00}
		{222C385F-E1EA-4CAE-B838-C631318D7E22} = {D01B6148-53EB-4EB2-B604-CBC43F8F775B}
		{93649E52-33AC-4BE3-8BC1-FDE19E0D1BB1} = {222C385F-E1EA-4CAE-B838-C631318D7E22}
		{DFF8E8A6-FE33-496C-936C-E911D2DD9946} = {D01B6148-53EB-4EB2-B604-CBC43F8F775B}
		{0692C7D8-603C-41DA-8375-1BE184D5E1EC} = {DFF8E8A6-FE33-496C-936C-E911D2DD9946}
	EndGlobalSection
EndGlobal
